
Microsoft Visual Studio Solution File, Format Version 12.00
# Visual Studio Version 17
VisualStudioVersion = 17.9.34616.47
MinimumVisualStudioVersion = 10.0.40219.1
Project("{FAE04EC0-301F-11D3-BF4B-00C04F79EFBC}") = "productivity-hub-api", "productivity-hub-api\productivity-hub-api.csproj", "{159544DC-E9BC-45BF-981A-309D80F05711}"
EndProject
Global
	GlobalSection(SolutionConfigurationPlatforms) = preSolution
		Debug|Any CPU = Debug|Any CPU
		Release|Any CPU = Release|Any CPU
	EndGlobalSection
	GlobalSection(ProjectConfigurationPlatforms) = postSolution
		{159544DC-E9BC-45BF-981A-309D80F05711}.Debug|Any CPU.ActiveCfg = Debug|Any CPU
		{159544DC-E9BC-45BF-981A-309D80F05711}.Debug|Any CPU.Build.0 = Debug|Any CPU
		{159544DC-E9BC-45BF-981A-309D80F05711}.Release|Any CPU.ActiveCfg = Release|Any CPU
		{159544DC-E9BC-45BF-981A-309D80F05711}.Release|Any CPU.Build.0 = Release|Any CPU
	EndGlobalSection
	GlobalSection(SolutionProperties) = preSolution
		HideSolutionNode = FALSE
	EndGlobalSection
	GlobalSection(ExtensibilityGlobals) = postSolution
		SolutionGuid = {544DF933-C41F-4BFE-9600-BF480DD3577D}
	EndGlobalSection
EndGlobal
